# This file is automatically @generated by Cargo.
# It is not intended for manual editing.
version = 3

[[package]]
name = "class_strength"
version = "0.1.0"

[[package]]
name = "factorial"
version = "0.1.0"

[[package]]
name = "hello_world"
version = "0.1.0"

[[package]]
name = "palindromestr"
version = "0.1.0"

[[package]]
name = "prime"
version = "0.1.0"

[[package]]
name = "series1"
version = "0.1.0"

[[package]]
name = "series2"
version = "0.1.0"
